
Microsoft Visual Studio Solution File, Format Version 12.00
# Visual Studio Version 17
VisualStudioVersion = 17.4.33205.214
MinimumVisualStudioVersion = 10.0.40219.1
Project("{9A19103F-16F7-4668-BE54-9A1E7A4F7556}") = "task 2", "task 2\task 2.csproj", "{94DA9137-9E2E-475F-9EF0-9A4013BC2AFC}"
EndProject
Project("{2150E333-8FDC-42A3-9474-1A3956D46DE8}") = "RockPAperScissorsInCSharp", "RockPAperScissorsInCSharp", "{DAFB8C8C-84D2-4427-ACAB-4A0D2DC5E395}"
EndProject
Project("{9A19103F-16F7-4668-BE54-9A1E7A4F7556}") = "RockPaperScissorsInCSharp", "RockPaperScissorsInCSharp\RockPaperScissorsInCSharp.csproj", "{3611E2D3-A08A-4BF9-92CF-6BC2A00CA426}"
EndProject
Project("{2150E333-8FDC-42A3-9474-1A3956D46DE8}") = "project", "project", "{7E9F1C46-5B75-4D6A-9071-58CA84E48374}"
EndProject
Project("{9A19103F-16F7-4668-BE54-9A1E7A4F7556}") = "project", "project\project.csproj", "{0878C52A-6D88-458C-A3AA-6177EAFBBCD7}"
EndProject
Project("{2150E333-8FDC-42A3-9474-1A3956D46DE8}") = "lecture 7", "lecture 7", "{BE02972C-2ABA-45C7-AD6A-1643F56C3420}"
EndProject
Project("{9A19103F-16F7-4668-BE54-9A1E7A4F7556}") = "lecture 7", "lecture 7\lecture 7.csproj", "{F9C2BB9C-8D51-4289-A711-D0B24143E7C5}"
EndProject
Project("{FAE04EC0-301F-11D3-BF4B-00C04F79EFBC}") = "Homework(Methods)", "Homework(Methods)\Homework(Methods).csproj", "{DE28E8EB-E313-4ADA-AFE8-16452225CD34}"
EndProject
Global
	GlobalSection(SolutionConfigurationPlatforms) = preSolution
		Debug|Any CPU = Debug|Any CPU
		Debug|x64 = Debug|x64
		Debug|x86 = Debug|x86
		Release|Any CPU = Release|Any CPU
		Release|x64 = Release|x64
		Release|x86 = Release|x86
	EndGlobalSection
	GlobalSection(ProjectConfigurationPlatforms) = postSolution
		{94DA9137-9E2E-475F-9EF0-9A4013BC2AFC}.Debug|Any CPU.ActiveCfg = Debug|Any CPU
		{94DA9137-9E2E-475F-9EF0-9A4013BC2AFC}.Debug|Any CPU.Build.0 = Debug|Any CPU
		{94DA9137-9E2E-475F-9EF0-9A4013BC2AFC}.Debug|x64.ActiveCfg = Debug|Any CPU
		{94DA9137-9E2E-475F-9EF0-9A4013BC2AFC}.Debug|x64.Build.0 = Debug|Any CPU
		{94DA9137-9E2E-475F-9EF0-9A4013BC2AFC}.Debug|x86.ActiveCfg = Debug|Any CPU
		{94DA9137-9E2E-475F-9EF0-9A4013BC2AFC}.Debug|x86.Build.0 = Debug|Any CPU
		{94DA9137-9E2E-475F-9EF0-9A4013BC2AFC}.Release|Any CPU.ActiveCfg = Release|Any CPU
		{94DA9137-9E2E-475F-9EF0-9A4013BC2AFC}.Release|Any CPU.Build.0 = Release|Any CPU
		{94DA9137-9E2E-475F-9EF0-9A4013BC2AFC}.Release|x64.ActiveCfg = Release|Any CPU
		{94DA9137-9E2E-475F-9EF0-9A4013BC2AFC}.Release|x64.Build.0 = Release|Any CPU
		{94DA9137-9E2E-475F-9EF0-9A4013BC2AFC}.Release|x86.ActiveCfg = Release|Any CPU
		{94DA9137-9E2E-475F-9EF0-9A4013BC2AFC}.Release|x86.Build.0 = Release|Any CPU
		{3611E2D3-A08A-4BF9-92CF-6BC2A00CA426}.Debug|Any CPU.ActiveCfg = Debug|Any CPU
		{3611E2D3-A08A-4BF9-92CF-6BC2A00CA426}.Debug|Any CPU.Build.0 = Debug|Any CPU
		{3611E2D3-A08A-4BF9-92CF-6BC2A00CA426}.Debug|x64.ActiveCfg = Debug|Any CPU
		{3611E2D3-A08A-4BF9-92CF-6BC2A00CA426}.Debug|x64.Build.0 = Debug|Any CPU
		{3611E2D3-A08A-4BF9-92CF-6BC2A00CA426}.Debug|x86.ActiveCfg = Debug|Any CPU
		{3611E2D3-A08A-4BF9-92CF-6BC2A00CA426}.Debug|x86.Build.0 = Debug|Any CPU
		{3611E2D3-A08A-4BF9-92CF-6BC2A00CA426}.Release|Any CPU.ActiveCfg = Release|Any CPU
		{3611E2D3-A08A-4BF9-92CF-6BC2A00CA426}.Release|Any CPU.Build.0 = Release|Any CPU
		{3611E2D3-A08A-4BF9-92CF-6BC2A00CA426}.Release|x64.ActiveCfg = Release|Any CPU
		{3611E2D3-A08A-4BF9-92CF-6BC2A00CA426}.Release|x64.Build.0 = Release|Any CPU
		{3611E2D3-A08A-4BF9-92CF-6BC2A00CA426}.Release|x86.ActiveCfg = Release|Any CPU
		{3611E2D3-A08A-4BF9-92CF-6BC2A00CA426}.Release|x86.Build.0 = Release|Any CPU
		{0878C52A-6D88-458C-A3AA-6177EAFBBCD7}.Debug|Any CPU.ActiveCfg = Debug|Any CPU
		{0878C52A-6D88-458C-A3AA-6177EAFBBCD7}.Debug|Any CPU.Build.0 = Debug|Any CPU
		{0878C52A-6D88-458C-A3AA-6177EAFBBCD7}.Debug|x64.ActiveCfg = Debug|Any CPU
		{0878C52A-6D88-458C-A3AA-6177EAFBBCD7}.Debug|x64.Build.0 = Debug|Any CPU
		{0878C52A-6D88-458C-A3AA-6177EAFBBCD7}.Debug|x86.ActiveCfg = Debug|Any CPU
		{0878C52A-6D88-458C-A3AA-6177EAFBBCD7}.Debug|x86.Build.0 = Debug|Any CPU
		{0878C52A-6D88-458C-A3AA-6177EAFBBCD7}.Release|Any CPU.ActiveCfg = Release|Any CPU
		{0878C52A-6D88-458C-A3AA-6177EAFBBCD7}.Release|Any CPU.Build.0 = Release|Any CPU
		{0878C52A-6D88-458C-A3AA-6177EAFBBCD7}.Release|x64.ActiveCfg = Release|Any CPU
		{0878C52A-6D88-458C-A3AA-6177EAFBBCD7}.Release|x64.Build.0 = Release|Any CPU
		{0878C52A-6D88-458C-A3AA-6177EAFBBCD7}.Release|x86.ActiveCfg = Release|Any CPU
		{0878C52A-6D88-458C-A3AA-6177EAFBBCD7}.Release|x86.Build.0 = Release|Any CPU
		{F9C2BB9C-8D51-4289-A711-D0B24143E7C5}.Debug|Any CPU.ActiveCfg = Debug|Any CPU
		{F9C2BB9C-8D51-4289-A711-D0B24143E7C5}.Debug|Any CPU.Build.0 = Debug|Any CPU
		{F9C2BB9C-8D51-4289-A711-D0B24143E7C5}.Debug|x64.ActiveCfg = Debug|Any CPU
		{F9C2BB9C-8D51-4289-A711-D0B24143E7C5}.Debug|x64.Build.0 = Debug|Any CPU
		{F9C2BB9C-8D51-4289-A711-D0B24143E7C5}.Debug|x86.ActiveCfg = Debug|Any CPU
		{F9C2BB9C-8D51-4289-A711-D0B24143E7C5}.Debug|x86.Build.0 = Debug|Any CPU
		{F9C2BB9C-8D51-4289-A711-D0B24143E7C5}.Release|Any CPU.ActiveCfg = Release|Any CPU
		{F9C2BB9C-8D51-4289-A711-D0B24143E7C5}.Release|Any CPU.Build.0 = Release|Any CPU
		{F9C2BB9C-8D51-4289-A711-D0B24143E7C5}.Release|x64.ActiveCfg = Release|Any CPU
		{F9C2BB9C-8D51-4289-A711-D0B24143E7C5}.Release|x64.Build.0 = Release|Any CPU
		{F9C2BB9C-8D51-4289-A711-D0B24143E7C5}.Release|x86.ActiveCfg = Release|Any CPU
		{F9C2BB9C-8D51-4289-A711-D0B24143E7C5}.Release|x86.Build.0 = Release|Any CPU
		{DE28E8EB-E313-4ADA-AFE8-16452225CD34}.Debug|Any CPU.ActiveCfg = Debug|Any CPU
		{DE28E8EB-E313-4ADA-AFE8-16452225CD34}.Debug|Any CPU.Build.0 = Debug|Any CPU
		{DE28E8EB-E313-4ADA-AFE8-16452225CD34}.Debug|x64.ActiveCfg = Debug|Any CPU
		{DE28E8EB-E313-4ADA-AFE8-16452225CD34}.Debug|x64.Build.0 = Debug|Any CPU
		{DE28E8EB-E313-4ADA-AFE8-16452225CD34}.Debug|x86.ActiveCfg = Debug|Any CPU
		{DE28E8EB-E313-4ADA-AFE8-16452225CD34}.Debug|x86.Build.0 = Debug|Any CPU
		{DE28E8EB-E313-4ADA-AFE8-16452225CD34}.Release|Any CPU.ActiveCfg = Release|Any CPU
		{DE28E8EB-E313-4ADA-AFE8-16452225CD34}.Release|Any CPU.Build.0 = Release|Any CPU
		{DE28E8EB-E313-4ADA-AFE8-16452225CD34}.Release|x64.ActiveCfg = Release|Any CPU
		{DE28E8EB-E313-4ADA-AFE8-16452225CD34}.Release|x64.Build.0 = Release|Any CPU
		{DE28E8EB-E313-4ADA-AFE8-16452225CD34}.Release|x86.ActiveCfg = Release|Any CPU
		{DE28E8EB-E313-4ADA-AFE8-16452225CD34}.Release|x86.Build.0 = Release|Any CPU
	EndGlobalSection
	GlobalSection(SolutionProperties) = preSolution
		HideSolutionNode = FALSE
	EndGlobalSection
	GlobalSection(NestedProjects) = preSolution
		{3611E2D3-A08A-4BF9-92CF-6BC2A00CA426} = {DAFB8C8C-84D2-4427-ACAB-4A0D2DC5E395}
		{0878C52A-6D88-458C-A3AA-6177EAFBBCD7} = {7E9F1C46-5B75-4D6A-9071-58CA84E48374}
		{F9C2BB9C-8D51-4289-A711-D0B24143E7C5} = {BE02972C-2ABA-45C7-AD6A-1643F56C3420}
	EndGlobalSection
	GlobalSection(ExtensibilityGlobals) = postSolution
		SolutionGuid = {C9CC9588-B609-402B-A795-D6CB60130C1A}
	EndGlobalSection
EndGlobal
