
Microsoft Visual Studio Solution File, Format Version 12.00
# Visual Studio Version 17
VisualStudioVersion = 17.4.33205.214
MinimumVisualStudioVersion = 10.0.40219.1
Project("{FAE04EC0-301F-11D3-BF4B-00C04F79EFBC}") = "task 2", "task 2\task 2.csproj", "{94DA9137-9E2E-475F-9EF0-9A4013BC2AFC}"
EndProject
Global
	GlobalSection(SolutionConfigurationPlatforms) = preSolution
		Debug|Any CPU = Debug|Any CPU
		Release|Any CPU = Release|Any CPU
	EndGlobalSection
	GlobalSection(ProjectConfigurationPlatforms) = postSolution
		{94DA9137-9E2E-475F-9EF0-9A4013BC2AFC}.Debug|Any CPU.ActiveCfg = Debug|Any CPU
		{94DA9137-9E2E-475F-9EF0-9A4013BC2AFC}.Debug|Any CPU.Build.0 = Debug|Any CPU
		{94DA9137-9E2E-475F-9EF0-9A4013BC2AFC}.Release|Any CPU.ActiveCfg = Release|Any CPU
		{94DA9137-9E2E-475F-9EF0-9A4013BC2AFC}.Release|Any CPU.Build.0 = Release|Any CPU
	EndGlobalSection
	GlobalSection(SolutionProperties) = preSolution
		HideSolutionNode = FALSE
	EndGlobalSection
	GlobalSection(ExtensibilityGlobals) = postSolution
		SolutionGuid = {C9CC9588-B609-402B-A795-D6CB60130C1A}
	EndGlobalSection
EndGlobal
