
Microsoft Visual Studio Solution File, Format Version 12.00
# Visual Studio Version 17
VisualStudioVersion = 17.4.33205.214
MinimumVisualStudioVersion = 10.0.40219.1
Project("{9A19103F-16F7-4668-BE54-9A1E7A4F7556}") = "task 2", "task 2\task 2.csproj", "{94DA9137-9E2E-475F-9EF0-9A4013BC2AFC}"
EndProject
Project("{2150E333-8FDC-42A3-9474-1A3956D46DE8}") = "task 3", "task 3", "{A162E86B-611F-4FE6-85BC-7DD493598028}"
EndProject
Project("{9A19103F-16F7-4668-BE54-9A1E7A4F7556}") = "task 3.1", "task 3.1\task 3.1.csproj", "{4B8D882C-3BFB-483E-AD9A-235E44AA360A}"
EndProject
Project("{2150E333-8FDC-42A3-9474-1A3956D46DE8}") = "RockPAperScissorsInCSharp", "RockPAperScissorsInCSharp", "{DAFB8C8C-84D2-4427-ACAB-4A0D2DC5E395}"
EndProject
Project("{9A19103F-16F7-4668-BE54-9A1E7A4F7556}") = "RockPaperScissorsInCSharp", "RockPaperScissorsInCSharp\RockPaperScissorsInCSharp.csproj", "{3611E2D3-A08A-4BF9-92CF-6BC2A00CA426}"
EndProject
Project("{2150E333-8FDC-42A3-9474-1A3956D46DE8}") = "quizzGame", "quizzGame", "{10DACF0B-F6EF-4ED1-B2A0-997BA4CEA62C}"
EndProject
Project("{FAE04EC0-301F-11D3-BF4B-00C04F79EFBC}") = "quizzGame", "quizzGame\quizzGame.csproj", "{666CB2F4-56D9-466D-8F84-9635816BFA1E}"
EndProject
Global
	GlobalSection(SolutionConfigurationPlatforms) = preSolution
		Debug|Any CPU = Debug|Any CPU
		Debug|x64 = Debug|x64
		Debug|x86 = Debug|x86
		Release|Any CPU = Release|Any CPU
		Release|x64 = Release|x64
		Release|x86 = Release|x86
	EndGlobalSection
	GlobalSection(ProjectConfigurationPlatforms) = postSolution
		{94DA9137-9E2E-475F-9EF0-9A4013BC2AFC}.Debug|Any CPU.ActiveCfg = Debug|Any CPU
		{94DA9137-9E2E-475F-9EF0-9A4013BC2AFC}.Debug|Any CPU.Build.0 = Debug|Any CPU
		{94DA9137-9E2E-475F-9EF0-9A4013BC2AFC}.Debug|x64.ActiveCfg = Debug|Any CPU
		{94DA9137-9E2E-475F-9EF0-9A4013BC2AFC}.Debug|x64.Build.0 = Debug|Any CPU
		{94DA9137-9E2E-475F-9EF0-9A4013BC2AFC}.Debug|x86.ActiveCfg = Debug|Any CPU
		{94DA9137-9E2E-475F-9EF0-9A4013BC2AFC}.Debug|x86.Build.0 = Debug|Any CPU
		{94DA9137-9E2E-475F-9EF0-9A4013BC2AFC}.Release|Any CPU.ActiveCfg = Release|Any CPU
		{94DA9137-9E2E-475F-9EF0-9A4013BC2AFC}.Release|Any CPU.Build.0 = Release|Any CPU
		{94DA9137-9E2E-475F-9EF0-9A4013BC2AFC}.Release|x64.ActiveCfg = Release|Any CPU
		{94DA9137-9E2E-475F-9EF0-9A4013BC2AFC}.Release|x64.Build.0 = Release|Any CPU
		{94DA9137-9E2E-475F-9EF0-9A4013BC2AFC}.Release|x86.ActiveCfg = Release|Any CPU
		{94DA9137-9E2E-475F-9EF0-9A4013BC2AFC}.Release|x86.Build.0 = Release|Any CPU
		{4B8D882C-3BFB-483E-AD9A-235E44AA360A}.Debug|Any CPU.ActiveCfg = Debug|Any CPU
		{4B8D882C-3BFB-483E-AD9A-235E44AA360A}.Debug|Any CPU.Build.0 = Debug|Any CPU
		{4B8D882C-3BFB-483E-AD9A-235E44AA360A}.Debug|x64.ActiveCfg = Debug|Any CPU
		{4B8D882C-3BFB-483E-AD9A-235E44AA360A}.Debug|x64.Build.0 = Debug|Any CPU
		{4B8D882C-3BFB-483E-AD9A-235E44AA360A}.Debug|x86.ActiveCfg = Debug|Any CPU
		{4B8D882C-3BFB-483E-AD9A-235E44AA360A}.Debug|x86.Build.0 = Debug|Any CPU
		{4B8D882C-3BFB-483E-AD9A-235E44AA360A}.Release|Any CPU.ActiveCfg = Release|Any CPU
		{4B8D882C-3BFB-483E-AD9A-235E44AA360A}.Release|Any CPU.Build.0 = Release|Any CPU
		{4B8D882C-3BFB-483E-AD9A-235E44AA360A}.Release|x64.ActiveCfg = Release|Any CPU
		{4B8D882C-3BFB-483E-AD9A-235E44AA360A}.Release|x64.Build.0 = Release|Any CPU
		{4B8D882C-3BFB-483E-AD9A-235E44AA360A}.Release|x86.ActiveCfg = Release|Any CPU
		{4B8D882C-3BFB-483E-AD9A-235E44AA360A}.Release|x86.Build.0 = Release|Any CPU
		{3611E2D3-A08A-4BF9-92CF-6BC2A00CA426}.Debug|Any CPU.ActiveCfg = Debug|Any CPU
		{3611E2D3-A08A-4BF9-92CF-6BC2A00CA426}.Debug|Any CPU.Build.0 = Debug|Any CPU
		{3611E2D3-A08A-4BF9-92CF-6BC2A00CA426}.Debug|x64.ActiveCfg = Debug|Any CPU
		{3611E2D3-A08A-4BF9-92CF-6BC2A00CA426}.Debug|x64.Build.0 = Debug|Any CPU
		{3611E2D3-A08A-4BF9-92CF-6BC2A00CA426}.Debug|x86.ActiveCfg = Debug|Any CPU
		{3611E2D3-A08A-4BF9-92CF-6BC2A00CA426}.Debug|x86.Build.0 = Debug|Any CPU
		{3611E2D3-A08A-4BF9-92CF-6BC2A00CA426}.Release|Any CPU.ActiveCfg = Release|Any CPU
		{3611E2D3-A08A-4BF9-92CF-6BC2A00CA426}.Release|Any CPU.Build.0 = Release|Any CPU
		{3611E2D3-A08A-4BF9-92CF-6BC2A00CA426}.Release|x64.ActiveCfg = Release|Any CPU
		{3611E2D3-A08A-4BF9-92CF-6BC2A00CA426}.Release|x64.Build.0 = Release|Any CPU
		{3611E2D3-A08A-4BF9-92CF-6BC2A00CA426}.Release|x86.ActiveCfg = Release|Any CPU
		{3611E2D3-A08A-4BF9-92CF-6BC2A00CA426}.Release|x86.Build.0 = Release|Any CPU
		{666CB2F4-56D9-466D-8F84-9635816BFA1E}.Debug|Any CPU.ActiveCfg = Debug|Any CPU
		{666CB2F4-56D9-466D-8F84-9635816BFA1E}.Debug|Any CPU.Build.0 = Debug|Any CPU
		{666CB2F4-56D9-466D-8F84-9635816BFA1E}.Debug|x64.ActiveCfg = Debug|Any CPU
		{666CB2F4-56D9-466D-8F84-9635816BFA1E}.Debug|x64.Build.0 = Debug|Any CPU
		{666CB2F4-56D9-466D-8F84-9635816BFA1E}.Debug|x86.ActiveCfg = Debug|Any CPU
		{666CB2F4-56D9-466D-8F84-9635816BFA1E}.Debug|x86.Build.0 = Debug|Any CPU
		{666CB2F4-56D9-466D-8F84-9635816BFA1E}.Release|Any CPU.ActiveCfg = Release|Any CPU
		{666CB2F4-56D9-466D-8F84-9635816BFA1E}.Release|Any CPU.Build.0 = Release|Any CPU
		{666CB2F4-56D9-466D-8F84-9635816BFA1E}.Release|x64.ActiveCfg = Release|Any CPU
		{666CB2F4-56D9-466D-8F84-9635816BFA1E}.Release|x64.Build.0 = Release|Any CPU
		{666CB2F4-56D9-466D-8F84-9635816BFA1E}.Release|x86.ActiveCfg = Release|Any CPU
		{666CB2F4-56D9-466D-8F84-9635816BFA1E}.Release|x86.Build.0 = Release|Any CPU
	EndGlobalSection
	GlobalSection(SolutionProperties) = preSolution
		HideSolutionNode = FALSE
	EndGlobalSection
	GlobalSection(NestedProjects) = preSolution
		{4B8D882C-3BFB-483E-AD9A-235E44AA360A} = {A162E86B-611F-4FE6-85BC-7DD493598028}
		{3611E2D3-A08A-4BF9-92CF-6BC2A00CA426} = {DAFB8C8C-84D2-4427-ACAB-4A0D2DC5E395}
		{10DACF0B-F6EF-4ED1-B2A0-997BA4CEA62C} = {DAFB8C8C-84D2-4427-ACAB-4A0D2DC5E395}
		{666CB2F4-56D9-466D-8F84-9635816BFA1E} = {10DACF0B-F6EF-4ED1-B2A0-997BA4CEA62C}
	EndGlobalSection
	GlobalSection(ExtensibilityGlobals) = postSolution
		SolutionGuid = {C9CC9588-B609-402B-A795-D6CB60130C1A}
	EndGlobalSection
EndGlobal
